
Microsoft Visual Studio Solution File, Format Version 12.00
# Visual Studio Version 17
VisualStudioVersion = 17.5.33516.290
MinimumVisualStudioVersion = 10.0.40219.1
Project("{FAE04EC0-301F-11D3-BF4B-00C04F79EFBC}") = "RabbitMQ.ESB.MassTransit.RequestResponsePattern.Consumer", "RabbitMQ.ESB.MassTransit.RequestResponsePattern.Consumer\RabbitMQ.ESB.MassTransit.RequestResponsePattern.Consumer.csproj", "{97BCAA70-CF0F-4919-9C0F-E9D94546A857}"
EndProject
Project("{FAE04EC0-301F-11D3-BF4B-00C04F79EFBC}") = "RabbitMQ.ESB.MassTransit.RequestResponsePattern.Publisher", "RabbitMQ.ESB.MassTransit.RequestResponsePattern.Publisher\RabbitMQ.ESB.MassTransit.RequestResponsePattern.Publisher.csproj", "{4AC8FAF7-645E-48E0-A233-CB4DD7CE99BD}"
EndProject
Project("{FAE04EC0-301F-11D3-BF4B-00C04F79EFBC}") = "RabbitMQ.ESB.MassTransit.RequestResponsePattern.Shared", "RabbitMQ.ESB.MassTransit.RequestResponsePattern.Shared\RabbitMQ.ESB.MassTransit.RequestResponsePattern.Shared.csproj", "{351991D7-77DF-4151-ABBE-644A4224F07A}"
EndProject
Global
	GlobalSection(SolutionConfigurationPlatforms) = preSolution
		Debug|Any CPU = Debug|Any CPU
		Release|Any CPU = Release|Any CPU
	EndGlobalSection
	GlobalSection(ProjectConfigurationPlatforms) = postSolution
		{97BCAA70-CF0F-4919-9C0F-E9D94546A857}.Debug|Any CPU.ActiveCfg = Debug|Any CPU
		{97BCAA70-CF0F-4919-9C0F-E9D94546A857}.Debug|Any CPU.Build.0 = Debug|Any CPU
		{97BCAA70-CF0F-4919-9C0F-E9D94546A857}.Release|Any CPU.ActiveCfg = Release|Any CPU
		{97BCAA70-CF0F-4919-9C0F-E9D94546A857}.Release|Any CPU.Build.0 = Release|Any CPU
		{4AC8FAF7-645E-48E0-A233-CB4DD7CE99BD}.Debug|Any CPU.ActiveCfg = Debug|Any CPU
		{4AC8FAF7-645E-48E0-A233-CB4DD7CE99BD}.Debug|Any CPU.Build.0 = Debug|Any CPU
		{4AC8FAF7-645E-48E0-A233-CB4DD7CE99BD}.Release|Any CPU.ActiveCfg = Release|Any CPU
		{4AC8FAF7-645E-48E0-A233-CB4DD7CE99BD}.Release|Any CPU.Build.0 = Release|Any CPU
		{351991D7-77DF-4151-ABBE-644A4224F07A}.Debug|Any CPU.ActiveCfg = Debug|Any CPU
		{351991D7-77DF-4151-ABBE-644A4224F07A}.Debug|Any CPU.Build.0 = Debug|Any CPU
		{351991D7-77DF-4151-ABBE-644A4224F07A}.Release|Any CPU.ActiveCfg = Release|Any CPU
		{351991D7-77DF-4151-ABBE-644A4224F07A}.Release|Any CPU.Build.0 = Release|Any CPU
	EndGlobalSection
	GlobalSection(SolutionProperties) = preSolution
		HideSolutionNode = FALSE
	EndGlobalSection
	GlobalSection(ExtensibilityGlobals) = postSolution
		SolutionGuid = {F4D7B64B-77A4-424B-BF31-F9F9E552FCD6}
	EndGlobalSection
EndGlobal
